
Microsoft Visual Studio Solution File, Format Version 12.00
# Visual Studio Version 16
VisualStudioVersion = 16.0.30204.135
MinimumVisualStudioVersion = 10.0.40219.1
Project("{9A19103F-16F7-4668-BE54-9A1E7A4F7556}") = "PracticeDesignPatternsC-", "PracticeDesignPatternsC-\PracticeDesignPatternsC-.csproj", "{2DF37D75-C2BF-42B7-80F4-054D44E2A9A1}"
EndProject
Project("{9A19103F-16F7-4668-BE54-9A1E7A4F7556}") = "Builder", "Builder\Builder.csproj", "{E1B431C2-F6C2-4169-A0A9-9F52421846E9}"
EndProject
Project("{9A19103F-16F7-4668-BE54-9A1E7A4F7556}") = "SOLID", "SOLID\SOLID.csproj", "{B731C816-2E8F-4456-A9FD-F6C6DE93CB92}"
EndProject
Project("{9A19103F-16F7-4668-BE54-9A1E7A4F7556}") = "Factories", "FactoriesMain\Factories.csproj", "{EA226B3C-A966-4966-9D69-C0F5B4DF8B58}"
EndProject
Project("{9A19103F-16F7-4668-BE54-9A1E7A4F7556}") = "Prototypes", "Prototypes\Prototypes.csproj", "{5CBAA772-4546-4431-911D-2B5FACF6A2B3}"
EndProject
Project("{9A19103F-16F7-4668-BE54-9A1E7A4F7556}") = "Singletons", "Singletons\Singletons.csproj", "{31358F2F-17E7-4D4E-AE17-54519FFA7779}"
EndProject
Project("{9A19103F-16F7-4668-BE54-9A1E7A4F7556}") = "Adapters", "Adapters\Adapters.csproj", "{0C76C513-2072-4D56-93C4-6E8EFF0C5312}"
EndProject
Project("{2150E333-8FDC-42A3-9474-1A3956D46DE8}") = "Creational", "Creational", "{7C067EC7-5A2B-42EA-8530-4C6678832B9B}"
EndProject
Project("{2150E333-8FDC-42A3-9474-1A3956D46DE8}") = "Structural", "Structural", "{AAA8188B-6BE6-4CDA-8ED5-3D7D68513187}"
EndProject
Project("{2150E333-8FDC-42A3-9474-1A3956D46DE8}") = "Behavioral", "Behavioral", "{7EDD9C63-5D53-4102-9136-EE6308D654F5}"
EndProject
Project("{9A19103F-16F7-4668-BE54-9A1E7A4F7556}") = "Bridges", "Bridges\Bridges.csproj", "{4CBB0B08-FBE7-4C13-876A-56E154FC626C}"
EndProject
Project("{9A19103F-16F7-4668-BE54-9A1E7A4F7556}") = "Composites", "Composites\Composites.csproj", "{B19A3E59-B99C-4817-AA97-D196F705C8C3}"
EndProject
Project("{9A19103F-16F7-4668-BE54-9A1E7A4F7556}") = "Decorators", "Decorators\Decorators.csproj", "{A34159CA-4E63-45AC-9BE1-0FF34DB225FB}"
EndProject
Project("{FAE04EC0-301F-11D3-BF4B-00C04F79EFBC}") = "Facades", "Facades\Facades.csproj", "{C6F0A83F-77A5-44AF-ABCC-3FB506B066EC}"
EndProject
Project("{FAE04EC0-301F-11D3-BF4B-00C04F79EFBC}") = "Flyweights", "Flyweights\Flyweights.csproj", "{45A844DF-86D1-4A8B-8A6C-A36D7F1D3CF0}"
EndProject
Global
	GlobalSection(SolutionConfigurationPlatforms) = preSolution
		Debug|Any CPU = Debug|Any CPU
		Release|Any CPU = Release|Any CPU
	EndGlobalSection
	GlobalSection(ProjectConfigurationPlatforms) = postSolution
		{2DF37D75-C2BF-42B7-80F4-054D44E2A9A1}.Debug|Any CPU.ActiveCfg = Debug|Any CPU
		{2DF37D75-C2BF-42B7-80F4-054D44E2A9A1}.Debug|Any CPU.Build.0 = Debug|Any CPU
		{2DF37D75-C2BF-42B7-80F4-054D44E2A9A1}.Release|Any CPU.ActiveCfg = Release|Any CPU
		{2DF37D75-C2BF-42B7-80F4-054D44E2A9A1}.Release|Any CPU.Build.0 = Release|Any CPU
		{E1B431C2-F6C2-4169-A0A9-9F52421846E9}.Debug|Any CPU.ActiveCfg = Debug|Any CPU
		{E1B431C2-F6C2-4169-A0A9-9F52421846E9}.Debug|Any CPU.Build.0 = Debug|Any CPU
		{E1B431C2-F6C2-4169-A0A9-9F52421846E9}.Release|Any CPU.ActiveCfg = Release|Any CPU
		{E1B431C2-F6C2-4169-A0A9-9F52421846E9}.Release|Any CPU.Build.0 = Release|Any CPU
		{B731C816-2E8F-4456-A9FD-F6C6DE93CB92}.Debug|Any CPU.ActiveCfg = Debug|Any CPU
		{B731C816-2E8F-4456-A9FD-F6C6DE93CB92}.Debug|Any CPU.Build.0 = Debug|Any CPU
		{B731C816-2E8F-4456-A9FD-F6C6DE93CB92}.Release|Any CPU.ActiveCfg = Release|Any CPU
		{B731C816-2E8F-4456-A9FD-F6C6DE93CB92}.Release|Any CPU.Build.0 = Release|Any CPU
		{EA226B3C-A966-4966-9D69-C0F5B4DF8B58}.Debug|Any CPU.ActiveCfg = Debug|Any CPU
		{EA226B3C-A966-4966-9D69-C0F5B4DF8B58}.Debug|Any CPU.Build.0 = Debug|Any CPU
		{EA226B3C-A966-4966-9D69-C0F5B4DF8B58}.Release|Any CPU.ActiveCfg = Release|Any CPU
		{EA226B3C-A966-4966-9D69-C0F5B4DF8B58}.Release|Any CPU.Build.0 = Release|Any CPU
		{5CBAA772-4546-4431-911D-2B5FACF6A2B3}.Debug|Any CPU.ActiveCfg = Debug|Any CPU
		{5CBAA772-4546-4431-911D-2B5FACF6A2B3}.Debug|Any CPU.Build.0 = Debug|Any CPU
		{5CBAA772-4546-4431-911D-2B5FACF6A2B3}.Release|Any CPU.ActiveCfg = Release|Any CPU
		{5CBAA772-4546-4431-911D-2B5FACF6A2B3}.Release|Any CPU.Build.0 = Release|Any CPU
		{31358F2F-17E7-4D4E-AE17-54519FFA7779}.Debug|Any CPU.ActiveCfg = Debug|Any CPU
		{31358F2F-17E7-4D4E-AE17-54519FFA7779}.Debug|Any CPU.Build.0 = Debug|Any CPU
		{31358F2F-17E7-4D4E-AE17-54519FFA7779}.Release|Any CPU.ActiveCfg = Release|Any CPU
		{31358F2F-17E7-4D4E-AE17-54519FFA7779}.Release|Any CPU.Build.0 = Release|Any CPU
		{0C76C513-2072-4D56-93C4-6E8EFF0C5312}.Debug|Any CPU.ActiveCfg = Debug|Any CPU
		{0C76C513-2072-4D56-93C4-6E8EFF0C5312}.Debug|Any CPU.Build.0 = Debug|Any CPU
		{0C76C513-2072-4D56-93C4-6E8EFF0C5312}.Release|Any CPU.ActiveCfg = Release|Any CPU
		{0C76C513-2072-4D56-93C4-6E8EFF0C5312}.Release|Any CPU.Build.0 = Release|Any CPU
		{4CBB0B08-FBE7-4C13-876A-56E154FC626C}.Debug|Any CPU.ActiveCfg = Debug|Any CPU
		{4CBB0B08-FBE7-4C13-876A-56E154FC626C}.Debug|Any CPU.Build.0 = Debug|Any CPU
		{4CBB0B08-FBE7-4C13-876A-56E154FC626C}.Release|Any CPU.ActiveCfg = Release|Any CPU
		{4CBB0B08-FBE7-4C13-876A-56E154FC626C}.Release|Any CPU.Build.0 = Release|Any CPU
		{B19A3E59-B99C-4817-AA97-D196F705C8C3}.Debug|Any CPU.ActiveCfg = Debug|Any CPU
		{B19A3E59-B99C-4817-AA97-D196F705C8C3}.Debug|Any CPU.Build.0 = Debug|Any CPU
		{B19A3E59-B99C-4817-AA97-D196F705C8C3}.Release|Any CPU.ActiveCfg = Release|Any CPU
		{B19A3E59-B99C-4817-AA97-D196F705C8C3}.Release|Any CPU.Build.0 = Release|Any CPU
		{A34159CA-4E63-45AC-9BE1-0FF34DB225FB}.Debug|Any CPU.ActiveCfg = Debug|Any CPU
		{A34159CA-4E63-45AC-9BE1-0FF34DB225FB}.Debug|Any CPU.Build.0 = Debug|Any CPU
		{A34159CA-4E63-45AC-9BE1-0FF34DB225FB}.Release|Any CPU.ActiveCfg = Release|Any CPU
		{A34159CA-4E63-45AC-9BE1-0FF34DB225FB}.Release|Any CPU.Build.0 = Release|Any CPU
		{C6F0A83F-77A5-44AF-ABCC-3FB506B066EC}.Debug|Any CPU.ActiveCfg = Debug|Any CPU
		{C6F0A83F-77A5-44AF-ABCC-3FB506B066EC}.Debug|Any CPU.Build.0 = Debug|Any CPU
		{C6F0A83F-77A5-44AF-ABCC-3FB506B066EC}.Release|Any CPU.ActiveCfg = Release|Any CPU
		{C6F0A83F-77A5-44AF-ABCC-3FB506B066EC}.Release|Any CPU.Build.0 = Release|Any CPU
		{45A844DF-86D1-4A8B-8A6C-A36D7F1D3CF0}.Debug|Any CPU.ActiveCfg = Debug|Any CPU
		{45A844DF-86D1-4A8B-8A6C-A36D7F1D3CF0}.Debug|Any CPU.Build.0 = Debug|Any CPU
		{45A844DF-86D1-4A8B-8A6C-A36D7F1D3CF0}.Release|Any CPU.ActiveCfg = Release|Any CPU
		{45A844DF-86D1-4A8B-8A6C-A36D7F1D3CF0}.Release|Any CPU.Build.0 = Release|Any CPU
	EndGlobalSection
	GlobalSection(SolutionProperties) = preSolution
		HideSolutionNode = FALSE
	EndGlobalSection
	GlobalSection(NestedProjects) = preSolution
		{E1B431C2-F6C2-4169-A0A9-9F52421846E9} = {7C067EC7-5A2B-42EA-8530-4C6678832B9B}
		{EA226B3C-A966-4966-9D69-C0F5B4DF8B58} = {7C067EC7-5A2B-42EA-8530-4C6678832B9B}
		{5CBAA772-4546-4431-911D-2B5FACF6A2B3} = {7C067EC7-5A2B-42EA-8530-4C6678832B9B}
		{31358F2F-17E7-4D4E-AE17-54519FFA7779} = {7C067EC7-5A2B-42EA-8530-4C6678832B9B}
		{0C76C513-2072-4D56-93C4-6E8EFF0C5312} = {AAA8188B-6BE6-4CDA-8ED5-3D7D68513187}
		{4CBB0B08-FBE7-4C13-876A-56E154FC626C} = {AAA8188B-6BE6-4CDA-8ED5-3D7D68513187}
		{B19A3E59-B99C-4817-AA97-D196F705C8C3} = {AAA8188B-6BE6-4CDA-8ED5-3D7D68513187}
		{A34159CA-4E63-45AC-9BE1-0FF34DB225FB} = {AAA8188B-6BE6-4CDA-8ED5-3D7D68513187}
		{C6F0A83F-77A5-44AF-ABCC-3FB506B066EC} = {AAA8188B-6BE6-4CDA-8ED5-3D7D68513187}
		{45A844DF-86D1-4A8B-8A6C-A36D7F1D3CF0} = {AAA8188B-6BE6-4CDA-8ED5-3D7D68513187}
	EndGlobalSection
	GlobalSection(ExtensibilityGlobals) = postSolution
		SolutionGuid = {E4B28AB8-ED5D-4F23-9D96-E8BFB22038CB}
	EndGlobalSection
EndGlobal
