
Microsoft Visual Studio Solution File, Format Version 12.00
# Visual Studio Version 16
VisualStudioVersion = 16.0.30204.135
MinimumVisualStudioVersion = 10.0.40219.1
Project("{FAE04EC0-301F-11D3-BF4B-00C04F79EFBC}") = "PracticeDesignPatternsC-", "PracticeDesignPatternsC-\PracticeDesignPatternsC-.csproj", "{2DF37D75-C2BF-42B7-80F4-054D44E2A9A1}"
EndProject
Global
	GlobalSection(SolutionConfigurationPlatforms) = preSolution
		Debug|Any CPU = Debug|Any CPU
		Release|Any CPU = Release|Any CPU
	EndGlobalSection
	GlobalSection(ProjectConfigurationPlatforms) = postSolution
		{2DF37D75-C2BF-42B7-80F4-054D44E2A9A1}.Debug|Any CPU.ActiveCfg = Debug|Any CPU
		{2DF37D75-C2BF-42B7-80F4-054D44E2A9A1}.Debug|Any CPU.Build.0 = Debug|Any CPU
		{2DF37D75-C2BF-42B7-80F4-054D44E2A9A1}.Release|Any CPU.ActiveCfg = Release|Any CPU
		{2DF37D75-C2BF-42B7-80F4-054D44E2A9A1}.Release|Any CPU.Build.0 = Release|Any CPU
	EndGlobalSection
	GlobalSection(SolutionProperties) = preSolution
		HideSolutionNode = FALSE
	EndGlobalSection
	GlobalSection(ExtensibilityGlobals) = postSolution
		SolutionGuid = {E4B28AB8-ED5D-4F23-9D96-E8BFB22038CB}
	EndGlobalSection
EndGlobal
